
Microsoft Visual Studio Solution File, Format Version 12.00
# Visual Studio 15
VisualStudioVersion = 15.0.28306.52
MinimumVisualStudioVersion = 10.0.40219.1
Project("{FAE04EC0-301F-11D3-BF4B-00C04F79EFBC}") = "ComIssues", "ComIssues\ComIssues.csproj", "{BDB963DC-0107-4CF6-9327-0FB6236C90BA}"
EndProject
Global
	GlobalSection(SolutionConfigurationPlatforms) = preSolution
		Debug|Any CPU = Debug|Any CPU
		Release|Any CPU = Release|Any CPU
	EndGlobalSection
	GlobalSection(ProjectConfigurationPlatforms) = postSolution
		{BDB963DC-0107-4CF6-9327-0FB6236C90BA}.Debug|Any CPU.ActiveCfg = Debug|Any CPU
		{BDB963DC-0107-4CF6-9327-0FB6236C90BA}.Debug|Any CPU.Build.0 = Debug|Any CPU
		{BDB963DC-0107-4CF6-9327-0FB6236C90BA}.Release|Any CPU.ActiveCfg = Release|Any CPU
		{BDB963DC-0107-4CF6-9327-0FB6236C90BA}.Release|Any CPU.Build.0 = Release|Any CPU
	EndGlobalSection
	GlobalSection(SolutionProperties) = preSolution
		HideSolutionNode = FALSE
	EndGlobalSection
	GlobalSection(ExtensibilityGlobals) = postSolution
		SolutionGuid = {11F9CBE7-2CF5-47AD-9E0E-A8D53E686DAE}
	EndGlobalSection
EndGlobal
