
Microsoft Visual Studio Solution File, Format Version 12.00
# Visual Studio 15
VisualStudioVersion = 15.0.28306.52
MinimumVisualStudioVersion = 10.0.40219.1
Project("{9A19103F-16F7-4668-BE54-9A1E7A4F7556}") = "IEControl", "IEControl\IEControl.csproj", "{260660DF-66E8-4D0E-8A32-900B54DB5F19}"
EndProject
Project("{9A19103F-16F7-4668-BE54-9A1E7A4F7556}") = "NetCoreTestApp", "NetCoreTestApp\NetCoreTestApp.csproj", "{3C74F86E-0291-43B5-92DF-2740CDACAFBD}"
EndProject
Global
	GlobalSection(SolutionConfigurationPlatforms) = preSolution
		Debug|Any CPU = Debug|Any CPU
		Release|Any CPU = Release|Any CPU
	EndGlobalSection
	GlobalSection(ProjectConfigurationPlatforms) = postSolution
		{260660DF-66E8-4D0E-8A32-900B54DB5F19}.Debug|Any CPU.ActiveCfg = Debug|Any CPU
		{260660DF-66E8-4D0E-8A32-900B54DB5F19}.Debug|Any CPU.Build.0 = Debug|Any CPU
		{260660DF-66E8-4D0E-8A32-900B54DB5F19}.Release|Any CPU.ActiveCfg = Release|Any CPU
		{260660DF-66E8-4D0E-8A32-900B54DB5F19}.Release|Any CPU.Build.0 = Release|Any CPU
		{3C74F86E-0291-43B5-92DF-2740CDACAFBD}.Debug|Any CPU.ActiveCfg = Debug|Any CPU
		{3C74F86E-0291-43B5-92DF-2740CDACAFBD}.Debug|Any CPU.Build.0 = Debug|Any CPU
		{3C74F86E-0291-43B5-92DF-2740CDACAFBD}.Release|Any CPU.ActiveCfg = Release|Any CPU
		{3C74F86E-0291-43B5-92DF-2740CDACAFBD}.Release|Any CPU.Build.0 = Release|Any CPU
	EndGlobalSection
	GlobalSection(SolutionProperties) = preSolution
		HideSolutionNode = FALSE
	EndGlobalSection
	GlobalSection(ExtensibilityGlobals) = postSolution
		SolutionGuid = {11F9CBE7-2CF5-47AD-9E0E-A8D53E686DAE}
	EndGlobalSection
EndGlobal
